Microsoft Visual Studio Solution File, Format Version 11.00
# Visual Studio 2008

Project("{4C010F07-B9A4-FD4E-1C22-F36F1A6A2BD4}") = "As-Aventuras-de-Um-Guerreiro", "Assembly-CSharp.csproj", "{68120B50-7BCA-ADE4-37C4-83C046095AEB}"
EndProject
Global
	GlobalSection(SolutionConfigurationPlatforms) = preSolution
		Debug|Any CPU = Debug|Any CPU
		Release|Any CPU = Release|Any CPU
	EndGlobalSection
	GlobalSection(ProjectConfigurationPlatforms) = postSolution
		{68120B50-7BCA-ADE4-37C4-83C046095AEB}.Debug|Any CPU.ActiveCfg = Debug|Any CPU
		{68120B50-7BCA-ADE4-37C4-83C046095AEB}.Debug|Any CPU.Build.0 = Debug|Any CPU
		{68120B50-7BCA-ADE4-37C4-83C046095AEB}.Release|Any CPU.ActiveCfg = Release|Any CPU
		{68120B50-7BCA-ADE4-37C4-83C046095AEB}.Release|Any CPU.Build.0 = Release|Any CPU
	EndGlobalSection
	GlobalSection(SolutionProperties) = preSolution
		HideSolutionNode = FALSE
	EndGlobalSection
	GlobalSection(MonoDevelopProperties) = preSolution
		StartupItem = Assembly-CSharp.csproj
	EndGlobalSection
EndGlobal
